
Microsoft Visual Studio Solution File, Format Version 12.00
# Visual Studio Version 17
VisualStudioVersion = 17.5.33516.290
MinimumVisualStudioVersion = 10.0.40219.1
Project("{9A19103F-16F7-4668-BE54-9A1E7A4F7556}") = "Entities", "Entities\Entities.csproj", "{5247801B-B03B-4B1E-9843-0BE88994CB21}"
EndProject
Project("{9A19103F-16F7-4668-BE54-9A1E7A4F7556}") = "BackEnd", "BackEnd\BackEnd.csproj", "{B373A5A3-3FA6-4473-BB90-4A48A142B090}"
EndProject
Project("{FAE04EC0-301F-11D3-BF4B-00C04F79EFBC}") = "FrontEnd", "FrontEnd\FrontEnd.csproj", "{AEF7D82F-BFDA-4B6D-99FA-2E62AE8076FE}"
EndProject
Global
	GlobalSection(SolutionConfigurationPlatforms) = preSolution
		Debug|Any CPU = Debug|Any CPU
		Release|Any CPU = Release|Any CPU
	EndGlobalSection
	GlobalSection(ProjectConfigurationPlatforms) = postSolution
		{5247801B-B03B-4B1E-9843-0BE88994CB21}.Debug|Any CPU.ActiveCfg = Debug|Any CPU
		{5247801B-B03B-4B1E-9843-0BE88994CB21}.Debug|Any CPU.Build.0 = Debug|Any CPU
		{5247801B-B03B-4B1E-9843-0BE88994CB21}.Release|Any CPU.ActiveCfg = Release|Any CPU
		{5247801B-B03B-4B1E-9843-0BE88994CB21}.Release|Any CPU.Build.0 = Release|Any CPU
		{B373A5A3-3FA6-4473-BB90-4A48A142B090}.Debug|Any CPU.ActiveCfg = Debug|Any CPU
		{B373A5A3-3FA6-4473-BB90-4A48A142B090}.Debug|Any CPU.Build.0 = Debug|Any CPU
		{B373A5A3-3FA6-4473-BB90-4A48A142B090}.Release|Any CPU.ActiveCfg = Release|Any CPU
		{B373A5A3-3FA6-4473-BB90-4A48A142B090}.Release|Any CPU.Build.0 = Release|Any CPU
		{AEF7D82F-BFDA-4B6D-99FA-2E62AE8076FE}.Debug|Any CPU.ActiveCfg = Debug|Any CPU
		{AEF7D82F-BFDA-4B6D-99FA-2E62AE8076FE}.Debug|Any CPU.Build.0 = Debug|Any CPU
		{AEF7D82F-BFDA-4B6D-99FA-2E62AE8076FE}.Release|Any CPU.ActiveCfg = Release|Any CPU
		{AEF7D82F-BFDA-4B6D-99FA-2E62AE8076FE}.Release|Any CPU.Build.0 = Release|Any CPU
	EndGlobalSection
	GlobalSection(SolutionProperties) = preSolution
		HideSolutionNode = FALSE
	EndGlobalSection
	GlobalSection(ExtensibilityGlobals) = postSolution
		SolutionGuid = {8923AC72-CD98-4FBF-8C9D-82DBB67D5440}
	EndGlobalSection
EndGlobal
